{
  "nodes": {
    "flake-utils": {
      "locked": {
        "lastModified": 1623875721,
        "narHash": "sha256-A8BU7bjS5GirpAUv4QA+QnJ4CceLHkcXdRp4xITDB0s=",
        "owner": "numtide",
        "repo": "flake-utils",
        "rev": "f7e004a55b120c02ecb6219596820fcd32ca8772",
        "type": "github"
      },
      "original": {
        "owner": "numtide",
        "repo": "flake-utils",
        "type": "github"
      }
    },
    "flake-utils_2": {
      "locked": {
        "lastModified": 1623875721,
        "narHash": "sha256-A8BU7bjS5GirpAUv4QA+QnJ4CceLHkcXdRp4xITDB0s=",
        "owner": "numtide",
        "repo": "flake-utils",
        "rev": "f7e004a55b120c02ecb6219596820fcd32ca8772",
        "type": "github"
      },
      "original": {
        "owner": "numtide",
        "repo": "flake-utils",
        "type": "github"
      }
    },
    "nixpkgs": {
      "locked": {
        "lastModified": 1627237346,
        "narHash": "sha256-L9BwmVAxISBoYr5wadRp4AYqhERcNjKHVqmk52wI1gw=",
        "owner": "nixos",
        "repo": "nixpkgs",
        "rev": "2f9cf506dd12c86a322ace5ae74b4eafee172cc2",
        "type": "github"
      },
      "original": {
        "owner": "nixos",
        "repo": "nixpkgs",
        "type": "github"
      }
    },
    "nixpkgs_2": {
      "locked": {
        "lastModified": 1627231651,
        "narHash": "sha256-wGN3bPaRyiLHX98+12UgaMUUieV04/y4Bi/TYHQX218=",
        "owner": "NixOS",
        "repo": "nixpkgs",
        "rev": "f027f8e38d926ffc925f4b9a7b1aa09cf2451ebc",
        "type": "github"
      },
      "original": {
        "id": "nixpkgs",
        "type": "indirect"
      }
    },
    "root": {
      "inputs": {
        "flake-utils": "flake-utils",
        "nixpkgs": "nixpkgs",
        "zig-nightly": "zig-nightly"
      }
    },
    "zig-nightly": {
      "inputs": {
        "flake-utils": "flake-utils_2",
        "nixpkgs": "nixpkgs_2"
      },
      "locked": {
        "lastModified": 1628380910,
        "narHash": "sha256-6mLmA5xfvzIJHn6ZsJCgHMiKP4GzmpNpP6tmbeyUUUg=",
        "owner": "chivay",
        "repo": "zig-nightly",
        "rev": "57397b077b4cbf4846dbb0c52890ad0c3e0dda5d",
        "type": "github"
      },
      "original": {
        "owner": "chivay",
        "repo": "zig-nightly",
        "type": "github"
      }
    }
  },
  "root": "root",
  "version": 7
}
