{
  "nodes": {
    "flake-utils": {
      "locked": {
        "lastModified": 1629284811,
        "narHash": "sha256-JHgasjPR0/J1J3DRm4KxM4zTyAj4IOJY8vIl75v/kPI=",
        "owner": "numtide",
        "repo": "flake-utils",
        "rev": "c5d161cc0af116a2e17f54316f0bf43f0819785c",
        "type": "github"
      },
      "original": {
        "owner": "numtide",
        "repo": "flake-utils",
        "type": "github"
      }
    },
    "flake-utils_2": {
      "locked": {
        "lastModified": 1631561581,
        "narHash": "sha256-3VQMV5zvxaVLvqqUrNz3iJelLw30mIVSfZmAaauM3dA=",
        "owner": "numtide",
        "repo": "flake-utils",
        "rev": "7e5bf3925f6fbdfaf50a2a7ca0be2879c4261d19",
        "type": "github"
      },
      "original": {
        "owner": "numtide",
        "repo": "flake-utils",
        "type": "github"
      }
    },
    "nixpkgs": {
      "locked": {
        "lastModified": 1629373902,
        "narHash": "sha256-y94X8fQdpkE++wB0I3x9QwdTOTFLLsXq2yxymh/AX0Q=",
        "owner": "nixos",
        "repo": "nixpkgs",
        "rev": "456481aa3dd633038c86635f3bcf83d339254119",
        "type": "github"
      },
      "original": {
        "owner": "nixos",
        "repo": "nixpkgs",
        "type": "github"
      }
    },
    "nixpkgs_2": {
      "locked": {
        "lastModified": 1633204467,
        "narHash": "sha256-wm8XlUZZrvBcnPjUZl4GsRHbuXuOs5WdPS+NkilmsYM=",
        "owner": "NixOS",
        "repo": "nixpkgs",
        "rev": "18e178040a8c3278da222ff9f8f15b9d44f0e569",
        "type": "github"
      },
      "original": {
        "id": "nixpkgs",
        "type": "indirect"
      }
    },
    "root": {
      "inputs": {
        "flake-utils": "flake-utils",
        "nixpkgs": "nixpkgs",
        "zig-nightly": "zig-nightly"
      }
    },
    "zig-nightly": {
      "inputs": {
        "flake-utils": "flake-utils_2",
        "nixpkgs": "nixpkgs_2"
      },
      "locked": {
        "lastModified": 1634688101,
        "narHash": "sha256-rGuuXYyO+uFEX/DBTLvgCsPJqcVBXGsi+4PS+/Z397s=",
        "owner": "chivay",
        "repo": "zig-nightly",
        "rev": "ad88acb50ae6fcd769781792511f2abe161d50f3",
        "type": "github"
      },
      "original": {
        "owner": "chivay",
        "repo": "zig-nightly",
        "type": "github"
      }
    }
  },
  "root": "root",
  "version": 7
}
