{
  "nodes": {
    "flake-utils": {
      "locked": {
        "lastModified": 1629284811,
        "narHash": "sha256-JHgasjPR0/J1J3DRm4KxM4zTyAj4IOJY8vIl75v/kPI=",
        "owner": "numtide",
        "repo": "flake-utils",
        "rev": "c5d161cc0af116a2e17f54316f0bf43f0819785c",
        "type": "github"
      },
      "original": {
        "owner": "numtide",
        "repo": "flake-utils",
        "type": "github"
      }
    },
    "flake-utils_2": {
      "locked": {
        "lastModified": 1623875721,
        "narHash": "sha256-A8BU7bjS5GirpAUv4QA+QnJ4CceLHkcXdRp4xITDB0s=",
        "owner": "numtide",
        "repo": "flake-utils",
        "rev": "f7e004a55b120c02ecb6219596820fcd32ca8772",
        "type": "github"
      },
      "original": {
        "owner": "numtide",
        "repo": "flake-utils",
        "type": "github"
      }
    },
    "nixpkgs": {
      "locked": {
        "lastModified": 1629373902,
        "narHash": "sha256-y94X8fQdpkE++wB0I3x9QwdTOTFLLsXq2yxymh/AX0Q=",
        "owner": "nixos",
        "repo": "nixpkgs",
        "rev": "456481aa3dd633038c86635f3bcf83d339254119",
        "type": "github"
      },
      "original": {
        "owner": "nixos",
        "repo": "nixpkgs",
        "type": "github"
      }
    },
    "nixpkgs_2": {
      "locked": {
        "lastModified": 1627231651,
        "narHash": "sha256-wGN3bPaRyiLHX98+12UgaMUUieV04/y4Bi/TYHQX218=",
        "owner": "NixOS",
        "repo": "nixpkgs",
        "rev": "f027f8e38d926ffc925f4b9a7b1aa09cf2451ebc",
        "type": "github"
      },
      "original": {
        "id": "nixpkgs",
        "type": "indirect"
      }
    },
    "root": {
      "inputs": {
        "flake-utils": "flake-utils",
        "nixpkgs": "nixpkgs",
        "zig-nightly": "zig-nightly"
      }
    },
    "zig-nightly": {
      "inputs": {
        "flake-utils": "flake-utils_2",
        "nixpkgs": "nixpkgs_2"
      },
      "locked": {
        "lastModified": 1629158474,
        "narHash": "sha256-tvzb6YEcI+s+iQzoVz5jvVj/t9QveUerrr9aAgcBCig=",
        "owner": "chivay",
        "repo": "zig-nightly",
        "rev": "79121a4676fe48532a4584d2fd6cd4d7bc9c9af6",
        "type": "github"
      },
      "original": {
        "owner": "chivay",
        "repo": "zig-nightly",
        "type": "github"
      }
    }
  },
  "root": "root",
  "version": 7
}
